
Microsoft Visual Studio Solution File, Format Version 12.00
Project("{FAE04EC0-301F-11D3-BF4B-00C04F79EFBC}") = "CloudSync.App.Net6", "CloudSync.App.Net6\CloudSync.App.Net6.csproj", "{215FB077-098A-43D6-B635-98CB286FAB9B}"
EndProject
Global
	GlobalSection(SolutionConfigurationPlatforms) = preSolution
		Debug|Any CPU = Debug|Any CPU
		Release|Any CPU = Release|Any CPU
	EndGlobalSection
	GlobalSection(ProjectConfigurationPlatforms) = postSolution
		{215FB077-098A-43D6-B635-98CB286FAB9B}.Debug|Any CPU.ActiveCfg = Debug|Any CPU
		{215FB077-098A-43D6-B635-98CB286FAB9B}.Debug|Any CPU.Build.0 = Debug|Any CPU
		{215FB077-098A-43D6-B635-98CB286FAB9B}.Release|Any CPU.ActiveCfg = Release|Any CPU
		{215FB077-098A-43D6-B635-98CB286FAB9B}.Release|Any CPU.Build.0 = Release|Any CPU
	EndGlobalSection
EndGlobal
